
Microsoft Visual Studio Solution File, Format Version 12.00
# Visual Studio Version 17
VisualStudioVersion = 17.5.002.0
MinimumVisualStudioVersion = 10.0.40219.1
Project("{FAE04EC0-301F-11D3-BF4B-00C04F79EFBC}") = "01_HelloWorld", "01_HelloWorld\01_HelloWorld.csproj", "{67143513-FCC7-4192-9DB3-E6B4C0797D91}"
EndProject
Project("{FAE04EC0-301F-11D3-BF4B-00C04F79EFBC}") = "02_WhatComesNext", "02_WhatComesNext\02_WhatComesNext.csproj", "{7BA2D3B1-5617-4F97-BD9C-B8CFD4A6B84B}"
EndProject
Project("{FAE04EC0-301F-11D3-BF4B-00C04F79EFBC}") = "03_TheMakingsOfAProgrammer", "03_TheMakingsOfAProgrammer\03_TheMakingsOfAProgrammer.csproj", "{4E0A0EAE-F280-4E4C-82AE-F7474BE64373}"
EndProject
Project("{FAE04EC0-301F-11D3-BF4B-00C04F79EFBC}") = "04_ConsolasAndTelim", "04_ConsolasAndTelim\04_ConsolasAndTelim.csproj", "{AD9DF29D-C92E-484C-94BC-D5599DF8AEFA}"
EndProject
Project("{FAE04EC0-301F-11D3-BF4B-00C04F79EFBC}") = "06_TheVariableShop", "06_TheVariableShop\06_TheVariableShop.csproj", "{3A1CA452-D721-4B08-B566-9D42F9B04146}"
EndProject
Project("{FAE04EC0-301F-11D3-BF4B-00C04F79EFBC}") = "07_TheVariableShopReturns", "07_TheVariableShopReturns\07_TheVariableShopReturns.csproj", "{FC9438B3-C2A6-47AB-9A38-698BD58CB568}"
EndProject
Project("{FAE04EC0-301F-11D3-BF4B-00C04F79EFBC}") = "08_TheTriangleFarmer", "08_TheTriangleFarmer\08_TheTriangleFarmer.csproj", "{EEDFA421-0278-48CA-888E-963CCD34D516}"
EndProject
Project("{FAE04EC0-301F-11D3-BF4B-00C04F79EFBC}") = "05_TheThingNamer3000", "05_TheThingNamer3000\05_TheThingNamer3000.csproj", "{A2D205DB-609F-4655-8651-F2B94303231D}"
EndProject
Project("{FAE04EC0-301F-11D3-BF4B-00C04F79EFBC}") = "09_TheFourSistersAndTheDuckbear", "09_TheFourSistersAndTheDuckbear\09_TheFourSistersAndTheDuckbear.csproj", "{80F526F2-420F-42B2-868C-82FB9CAF81AA}"
EndProject
Project("{FAE04EC0-301F-11D3-BF4B-00C04F79EFBC}") = "10_TheDominionOfKings", "10_TheDominionOfKings\10_TheDominionOfKings.csproj", "{0897CD59-4ACC-4125-B3B3-30AD001C73B3}"
EndProject
Global
	GlobalSection(SolutionConfigurationPlatforms) = preSolution
		Debug|Any CPU = Debug|Any CPU
		Release|Any CPU = Release|Any CPU
	EndGlobalSection
	GlobalSection(ProjectConfigurationPlatforms) = postSolution
		{67143513-FCC7-4192-9DB3-E6B4C0797D91}.Debug|Any CPU.ActiveCfg = Debug|Any CPU
		{67143513-FCC7-4192-9DB3-E6B4C0797D91}.Debug|Any CPU.Build.0 = Debug|Any CPU
		{67143513-FCC7-4192-9DB3-E6B4C0797D91}.Release|Any CPU.ActiveCfg = Release|Any CPU
		{67143513-FCC7-4192-9DB3-E6B4C0797D91}.Release|Any CPU.Build.0 = Release|Any CPU
		{7BA2D3B1-5617-4F97-BD9C-B8CFD4A6B84B}.Debug|Any CPU.ActiveCfg = Debug|Any CPU
		{7BA2D3B1-5617-4F97-BD9C-B8CFD4A6B84B}.Debug|Any CPU.Build.0 = Debug|Any CPU
		{7BA2D3B1-5617-4F97-BD9C-B8CFD4A6B84B}.Release|Any CPU.ActiveCfg = Release|Any CPU
		{7BA2D3B1-5617-4F97-BD9C-B8CFD4A6B84B}.Release|Any CPU.Build.0 = Release|Any CPU
		{4E0A0EAE-F280-4E4C-82AE-F7474BE64373}.Debug|Any CPU.ActiveCfg = Debug|Any CPU
		{4E0A0EAE-F280-4E4C-82AE-F7474BE64373}.Debug|Any CPU.Build.0 = Debug|Any CPU
		{4E0A0EAE-F280-4E4C-82AE-F7474BE64373}.Release|Any CPU.ActiveCfg = Release|Any CPU
		{4E0A0EAE-F280-4E4C-82AE-F7474BE64373}.Release|Any CPU.Build.0 = Release|Any CPU
		{AD9DF29D-C92E-484C-94BC-D5599DF8AEFA}.Debug|Any CPU.ActiveCfg = Debug|Any CPU
		{AD9DF29D-C92E-484C-94BC-D5599DF8AEFA}.Debug|Any CPU.Build.0 = Debug|Any CPU
		{AD9DF29D-C92E-484C-94BC-D5599DF8AEFA}.Release|Any CPU.ActiveCfg = Release|Any CPU
		{AD9DF29D-C92E-484C-94BC-D5599DF8AEFA}.Release|Any CPU.Build.0 = Release|Any CPU
		{3A1CA452-D721-4B08-B566-9D42F9B04146}.Debug|Any CPU.ActiveCfg = Debug|Any CPU
		{3A1CA452-D721-4B08-B566-9D42F9B04146}.Debug|Any CPU.Build.0 = Debug|Any CPU
		{3A1CA452-D721-4B08-B566-9D42F9B04146}.Release|Any CPU.ActiveCfg = Release|Any CPU
		{3A1CA452-D721-4B08-B566-9D42F9B04146}.Release|Any CPU.Build.0 = Release|Any CPU
		{FC9438B3-C2A6-47AB-9A38-698BD58CB568}.Debug|Any CPU.ActiveCfg = Debug|Any CPU
		{FC9438B3-C2A6-47AB-9A38-698BD58CB568}.Debug|Any CPU.Build.0 = Debug|Any CPU
		{FC9438B3-C2A6-47AB-9A38-698BD58CB568}.Release|Any CPU.ActiveCfg = Release|Any CPU
		{FC9438B3-C2A6-47AB-9A38-698BD58CB568}.Release|Any CPU.Build.0 = Release|Any CPU
		{EEDFA421-0278-48CA-888E-963CCD34D516}.Debug|Any CPU.ActiveCfg = Debug|Any CPU
		{EEDFA421-0278-48CA-888E-963CCD34D516}.Debug|Any CPU.Build.0 = Debug|Any CPU
		{EEDFA421-0278-48CA-888E-963CCD34D516}.Release|Any CPU.ActiveCfg = Release|Any CPU
		{EEDFA421-0278-48CA-888E-963CCD34D516}.Release|Any CPU.Build.0 = Release|Any CPU
		{A2D205DB-609F-4655-8651-F2B94303231D}.Debug|Any CPU.ActiveCfg = Debug|Any CPU
		{A2D205DB-609F-4655-8651-F2B94303231D}.Debug|Any CPU.Build.0 = Debug|Any CPU
		{A2D205DB-609F-4655-8651-F2B94303231D}.Release|Any CPU.ActiveCfg = Release|Any CPU
		{A2D205DB-609F-4655-8651-F2B94303231D}.Release|Any CPU.Build.0 = Release|Any CPU
		{80F526F2-420F-42B2-868C-82FB9CAF81AA}.Debug|Any CPU.ActiveCfg = Debug|Any CPU
		{80F526F2-420F-42B2-868C-82FB9CAF81AA}.Debug|Any CPU.Build.0 = Debug|Any CPU
		{80F526F2-420F-42B2-868C-82FB9CAF81AA}.Release|Any CPU.ActiveCfg = Release|Any CPU
		{80F526F2-420F-42B2-868C-82FB9CAF81AA}.Release|Any CPU.Build.0 = Release|Any CPU
		{0897CD59-4ACC-4125-B3B3-30AD001C73B3}.Debug|Any CPU.ActiveCfg = Debug|Any CPU
		{0897CD59-4ACC-4125-B3B3-30AD001C73B3}.Debug|Any CPU.Build.0 = Debug|Any CPU
		{0897CD59-4ACC-4125-B3B3-30AD001C73B3}.Release|Any CPU.ActiveCfg = Release|Any CPU
		{0897CD59-4ACC-4125-B3B3-30AD001C73B3}.Release|Any CPU.Build.0 = Release|Any CPU
	EndGlobalSection
	GlobalSection(SolutionProperties) = preSolution
		HideSolutionNode = FALSE
	EndGlobalSection
	GlobalSection(ExtensibilityGlobals) = postSolution
		SolutionGuid = {E3EF4D80-B29E-4E1C-933A-969880D5DDAC}
	EndGlobalSection
EndGlobal
